
Microsoft Visual Studio Solution File, Format Version 12.00
# Visual Studio 15
VisualStudioVersion = 15.0.27428.2005
MinimumVisualStudioVersion = 10.0.40219.1
Project("{FAE04EC0-301F-11D3-BF4B-00C04F79EFBC}") = "MapWpfMVVM", "MapWpfMVVM\MapWpfMVVM.csproj", "{496F65F1-3498-4806-8FA4-08173B129595}"
EndProject
Global
	GlobalSection(SolutionConfigurationPlatforms) = preSolution
		Debug|Any CPU = Debug|Any CPU
		Release|Any CPU = Release|Any CPU
	EndGlobalSection
	GlobalSection(ProjectConfigurationPlatforms) = postSolution
		{496F65F1-3498-4806-8FA4-08173B129595}.Debug|Any CPU.ActiveCfg = Debug|Any CPU
		{496F65F1-3498-4806-8FA4-08173B129595}.Debug|Any CPU.Build.0 = Debug|Any CPU
		{496F65F1-3498-4806-8FA4-08173B129595}.Release|Any CPU.ActiveCfg = Release|Any CPU
		{496F65F1-3498-4806-8FA4-08173B129595}.Release|Any CPU.Build.0 = Release|Any CPU
	EndGlobalSection
	GlobalSection(SolutionProperties) = preSolution
		HideSolutionNode = FALSE
	EndGlobalSection
	GlobalSection(ExtensibilityGlobals) = postSolution
		SolutionGuid = {4A21C902-F5D5-466E-864B-CD6BADD24536}
	EndGlobalSection
	GlobalSection(TeamFoundationVersionControl) = preSolution
		SccNumberOfProjects = 2
		SccEnterpriseProvider = {4CA58AB2-18FA-4F8D-95D4-32DDF27D184C}
		SccTeamFoundationServer = https://ngotrung.visualstudio.com/
		SccLocalPath0 = .
		SccProjectUniqueName1 = MapWpfMVVM\\MapWpfMVVM.csproj
		SccProjectName1 = MapWpfMVVM
		SccLocalPath1 = MapWpfMVVM
	EndGlobalSection
EndGlobal
